
Microsoft Visual Studio Solution File, Format Version 12.00
# Visual Studio Version 16
VisualStudioVersion = 16.0.29509.3
MinimumVisualStudioVersion = 10.0.40219.1
Project("{FAE04EC0-301F-11D3-BF4B-00C04F79EFBC}") = "NumberGuesser", "NumberGuesser.csproj", "{48726AFA-6629-4A53-B6C3-6F358E8967F3}"
EndProject
Global
	GlobalSection(SolutionConfigurationPlatforms) = preSolution
		Debug|Any CPU = Debug|Any CPU
		Release|Any CPU = Release|Any CPU
	EndGlobalSection
	GlobalSection(ProjectConfigurationPlatforms) = postSolution
		{48726AFA-6629-4A53-B6C3-6F358E8967F3}.Debug|Any CPU.ActiveCfg = Debug|Any CPU
		{48726AFA-6629-4A53-B6C3-6F358E8967F3}.Debug|Any CPU.Build.0 = Debug|Any CPU
		{48726AFA-6629-4A53-B6C3-6F358E8967F3}.Release|Any CPU.ActiveCfg = Release|Any CPU
		{48726AFA-6629-4A53-B6C3-6F358E8967F3}.Release|Any CPU.Build.0 = Release|Any CPU
	EndGlobalSection
	GlobalSection(SolutionProperties) = preSolution
		HideSolutionNode = FALSE
	EndGlobalSection
	GlobalSection(ExtensibilityGlobals) = postSolution
		SolutionGuid = {DC7CA006-4660-4B78-90FD-C83F6EFB8F03}
	EndGlobalSection
EndGlobal
